
Microsoft Visual Studio Solution File, Format Version 12.00
# Visual Studio Version 17
VisualStudioVersion = 17.13.35919.96 d17.13
MinimumVisualStudioVersion = 10.0.40219.1
Project("{FAE04EC0-301F-11D3-BF4B-00C04F79EFBC}") = "Jaynard", "Jaynard\Jaynard.csproj", "{2B35332C-D884-4ED7-97E1-0786E08B3C48}"
EndProject
Global
	GlobalSection(SolutionConfigurationPlatforms) = preSolution
		Debug|Any CPU = Debug|Any CPU
		Release|Any CPU = Release|Any CPU
	EndGlobalSection
	GlobalSection(ProjectConfigurationPlatforms) = postSolution
		{2B35332C-D884-4ED7-97E1-0786E08B3C48}.Debug|Any CPU.ActiveCfg = Debug|Any CPU
		{2B35332C-D884-4ED7-97E1-0786E08B3C48}.Debug|Any CPU.Build.0 = Debug|Any CPU
		{2B35332C-D884-4ED7-97E1-0786E08B3C48}.Release|Any CPU.ActiveCfg = Release|Any CPU
		{2B35332C-D884-4ED7-97E1-0786E08B3C48}.Release|Any CPU.Build.0 = Release|Any CPU
	EndGlobalSection
	GlobalSection(SolutionProperties) = preSolution
		HideSolutionNode = FALSE
	EndGlobalSection
	GlobalSection(ExtensibilityGlobals) = postSolution
		SolutionGuid = {8342F4B3-5067-4207-A61E-478061DEB34D}
	EndGlobalSection
EndGlobal
